
Microsoft Visual Studio Solution File, Format Version 12.00
# Visual Studio Version 16
VisualStudioVersion = 16.0.30621.155
MinimumVisualStudioVersion = 10.0.40219.1
Project("{9A19103F-16F7-4668-BE54-9A1E7A4F7556}") = "CursoMVCC", "CursoMVCC\CursoMVCC.csproj", "{E48F23FC-6E72-41E0-B462-E5C816987600}"
EndProject
Project("{9A19103F-16F7-4668-BE54-9A1E7A4F7556}") = "CursoApi", "teste\CursoApi.csproj", "{C1BA660A-0145-4967-9175-956C44D2460F}"
EndProject
Project("{FAE04EC0-301F-11D3-BF4B-00C04F79EFBC}") = "CursoTeste", "CursoTeste\CursoTeste.csproj", "{857F1FA6-B3B4-4C06-939D-7F81C7E80FD2}"
EndProject
Global
	GlobalSection(SolutionConfigurationPlatforms) = preSolution
		Debug|Any CPU = Debug|Any CPU
		Release|Any CPU = Release|Any CPU
	EndGlobalSection
	GlobalSection(ProjectConfigurationPlatforms) = postSolution
		{E48F23FC-6E72-41E0-B462-E5C816987600}.Debug|Any CPU.ActiveCfg = Debug|Any CPU
		{E48F23FC-6E72-41E0-B462-E5C816987600}.Debug|Any CPU.Build.0 = Debug|Any CPU
		{E48F23FC-6E72-41E0-B462-E5C816987600}.Release|Any CPU.ActiveCfg = Release|Any CPU
		{E48F23FC-6E72-41E0-B462-E5C816987600}.Release|Any CPU.Build.0 = Release|Any CPU
		{C1BA660A-0145-4967-9175-956C44D2460F}.Debug|Any CPU.ActiveCfg = Debug|Any CPU
		{C1BA660A-0145-4967-9175-956C44D2460F}.Debug|Any CPU.Build.0 = Debug|Any CPU
		{C1BA660A-0145-4967-9175-956C44D2460F}.Release|Any CPU.ActiveCfg = Release|Any CPU
		{C1BA660A-0145-4967-9175-956C44D2460F}.Release|Any CPU.Build.0 = Release|Any CPU
		{857F1FA6-B3B4-4C06-939D-7F81C7E80FD2}.Debug|Any CPU.ActiveCfg = Debug|Any CPU
		{857F1FA6-B3B4-4C06-939D-7F81C7E80FD2}.Debug|Any CPU.Build.0 = Debug|Any CPU
		{857F1FA6-B3B4-4C06-939D-7F81C7E80FD2}.Release|Any CPU.ActiveCfg = Release|Any CPU
		{857F1FA6-B3B4-4C06-939D-7F81C7E80FD2}.Release|Any CPU.Build.0 = Release|Any CPU
	EndGlobalSection
	GlobalSection(SolutionProperties) = preSolution
		HideSolutionNode = FALSE
	EndGlobalSection
	GlobalSection(ExtensibilityGlobals) = postSolution
		SolutionGuid = {6512B72E-F6CF-4567-9BB5-7D19814046E0}
	EndGlobalSection
EndGlobal
